{
    "_meta": {
        "hash": {
            "sha256": "180d02f3d1529ce79ac304961229803c48d8b8e0d348aa67f5880694a54d9c08"
        },
        "pipfile-spec": 6,
        "requires": {
            "python_version": "3.7"
        },
        "sources": [
            {
                "name": "pypi",
                "url": "https://pypi.org/simple",
                "verify_ssl": true
            }
        ]
    },
    "default": {
        "pillow": {
            "hashes": [
                "sha256:0011ec16bcab9f2f07afa95081ee025b3f0fe428611a000df0fbcb51dd873ca0",
                "sha256:0e5aedc62a78525fcfbec417d8db0073dff5de9d8544047f619d208e2cd3d323",
                "sha256:196d9ff5d0b070b50cd3a3c59ffa3b41232ca34dbd09e262bfa32047229d4b16",
                "sha256:1e1ed97d93676ba6e19124f8054ed439825292cecb490370729f90a27585f180",
                "sha256:2f44dc402c643a88b9453c6fce84e20b16352df42a98ab013aaebe07e1a1c478",
                "sha256:32facad1f01111505c0fa3f15b2acac13af231f6dc0e68927c8d2d23df8c25c5",
                "sha256:3d4e8b208346374e820bc5f88e753a4a2d35b6ead0aa1f45dcc7b9206780b983",
                "sha256:65422a17c9d08bf56d8eb0ce5c83863e050cec5f15e8b2042c955aa724ce515d",
                "sha256:75513b87a441c093a26a75974cd8373d8d40476cdb178309e8c2f2a534033ea3",
                "sha256:7ccf6e86bd9f7301b883c6ba180309ca6bd566b0324eb66566b0b841c974558e",
                "sha256:7dacf81a6b6b724a263c27a364030f81eef97398acda67d1ac50e722ad3cec59",
                "sha256:81655ad8b10acf81a644ad88faa9cd19ab2930f1b83ff6d32217f00de602b6e5",
                "sha256:83ab411759b9e1f6a695bea321e835bed448f767711da2630d597dabc69d0350",
                "sha256:87562ac8e35b873eabed6b02259dcec05d7c776fa6c478865fcb147f17ec7530",
                "sha256:c85cce00769e162cf50fc21451be9e627f60a9be22172d684c05dc7d0141c55b",
                "sha256:d071c33320c6f66730d1adea0bfd468ab5453627ff8974a6e56f43a48c60bce5",
                "sha256:dd4c3cfa93626ed08005abf3aa52b50dae28bf0bc4cb5a4626e9ce6878e7f700",
                "sha256:e0fbed3f29291c0e4b83c7f21809a709f5a46eefdad236ec2a11096ebb76c6ae",
                "sha256:ecabe2323e4ed3ce24eaea2120aca395723dd301e9fb03d7e0912a61343fc7f3",
                "sha256:f8e26f68b5f7b15ad9d1cc2c28ea57fe8c2f9dfee77f4e0519e833fdbe2feb8d",
                "sha256:fb13e40bd17615a03192f03cab35df0fbfb61ab58ef08ece42884a6bd314faf4",
                "sha256:fb1f9faa2984918cd7a3b18db1192463e0030500cb060c974b5fd98c13276a8e"
            ],
            "index": "pypi",
            "version": "==7.1.0"
        },
        "reportlab": {
            "hashes": [
                "sha256:149f0eeb4ea716441638b05fd6d3667d32f1463f3eac50b63e100a73a5533cdd",
                "sha256:1aa9a2e1a87749db265b592ad25e498b39f70fce9f53a012cdf69f74259b6e43",
                "sha256:1f5ce489adb2db2862249492e6367539cfa65b781cb06dcf13363dc52219be7e",
                "sha256:23b28ba1784a6c52a926c075abd9f396d03670e71934b24db5ff684f8b870e0f",
                "sha256:3d3de0f4facdd7e3c56ecbc55733a958b86c35a8e7ba6066c7b1ba383e282f58",
                "sha256:484d346b8f463ba2ddaf6d365c6ac5971cd062528b6d5ba68cac02b9435366c5",
                "sha256:4da2467def21f2e20720b21f6c18e7f7866720a955c716b990e94e3979fe913f",
                "sha256:5ebdf22daee7d8e630134d94f477fe6abd65a65449d4eec682a7b458b5249604",
                "sha256:655a1b68be18a73fec5233fb5d81f726b4db32269e487aecf5b6853cca926d86",
                "sha256:6c535a304888dafe50c2c24d4924aeefc11e0542488ee6965f6133d415e86bbc",
                "sha256:7560ef655ac6448bb257fd34bfdfb8d546f9c7c0900ed8963fb8509f75e8ca80",
                "sha256:7a1c2fa3e6310dbe47efee2020dc0f25be7a75ff09a8fedc4a87d4397f3810c1",
                "sha256:817c344b9aa53b5bfc2f58ff82111a1e85ca4c8b68d1add088b547360a6ebcfa",
                "sha256:81d950e398d6758aeaeeb267aa1a62940735414c980f77dd0a270cef1782a43d",
                "sha256:83ef44936ef4e9c432d62bc2b72ec8d772b87af319d123e827a72e9b6884c851",
                "sha256:9f975adc2c7a236403f0bc91d7a3916e644e47b1f1e3990325f15e73b83581ec",
                "sha256:a5ca59e2b7e70a856de6db9dadd3e11a1b3b471c999585284d5c1d479c01cf5d",
                "sha256:ad2cf5a673c05fae9e91e987994b95205c13c5fa55d7393cf8b06f9de6f92990",
                "sha256:b8c3d76276372f87b7c8ff22065dbc072cca5ffb06ba0267edc298df7acf942d",
                "sha256:b93f7f908e916d9413dd8c04da1ccb3977e446803f59078424decdc0de449133",
                "sha256:c0ecd0af92c759edec0d24ba92f4a18c28d4a19229ae7c8249f94e82f3d76288",
                "sha256:c9e38eefc90a02c072a87a627ff66b2d67c23f6f82274d2aa7fb28e644e8f409",
                "sha256:ca2a1592d2e181a04372d0276ee847308ea206dfe7c86fe94769e7ac126e6e85",
                "sha256:ce1dfc9beec83e66250ca3afaf5ddf6b9a3ce70a30a9526dec7c6bec3266baf1",
                "sha256:d3550c90751132b26b72a78954905974f33b1237335fbe0d8be957f9636c376a",
                "sha256:e35a574f4e5ec0fdd5dc354e74ec143d853abd7f76db435ffe2a57d0161a22eb",
                "sha256:ee5cafca6ef1a38fef8cbf3140dd2198ad1ee82331530b546039216ef94f93cb",
                "sha256:fa1c969176cb3594a785c6818bcb943ebd49453791f702380b13a35fa23b385a"
            ],
            "index": "pypi",
            "version": "==3.5.32"
        }
    },
    "develop": {}
}
